
Microsoft Visual Studio Solution File, Format Version 12.00
# Visual Studio Version 17
VisualStudioVersion = 17.10.35122.118
MinimumVisualStudioVersion = 10.0.40219.1
Project("{FAE04EC0-301F-11D3-BF4B-00C04F79EFBC}") = "Samples", "Samples\Samples.csproj", "{C0783AA9-F204-44D0-96CD-F9CFB4BDCED0}"
EndProject
Project("{FAE04EC0-301F-11D3-BF4B-00C04F79EFBC}") = "ProjectSettings", "ProjectSettings\ProjectSettings.csproj", "{D3646599-F91E-47D8-86E3-2EC96EB07B13}"
EndProject
Global
	GlobalSection(SolutionConfigurationPlatforms) = preSolution
		Debug|Any CPU = Debug|Any CPU
		Release|Any CPU = Release|Any CPU
	EndGlobalSection
	GlobalSection(ProjectConfigurationPlatforms) = postSolution
		{C0783AA9-F204-44D0-96CD-F9CFB4BDCED0}.Debug|Any CPU.ActiveCfg = Debug|Any CPU
		{C0783AA9-F204-44D0-96CD-F9CFB4BDCED0}.Debug|Any CPU.Build.0 = Debug|Any CPU
		{C0783AA9-F204-44D0-96CD-F9CFB4BDCED0}.Release|Any CPU.ActiveCfg = Release|Any CPU
		{C0783AA9-F204-44D0-96CD-F9CFB4BDCED0}.Release|Any CPU.Build.0 = Release|Any CPU
		{D3646599-F91E-47D8-86E3-2EC96EB07B13}.Debug|Any CPU.ActiveCfg = Debug|Any CPU
		{D3646599-F91E-47D8-86E3-2EC96EB07B13}.Debug|Any CPU.Build.0 = Debug|Any CPU
		{D3646599-F91E-47D8-86E3-2EC96EB07B13}.Release|Any CPU.ActiveCfg = Release|Any CPU
		{D3646599-F91E-47D8-86E3-2EC96EB07B13}.Release|Any CPU.Build.0 = Release|Any CPU
	EndGlobalSection
	GlobalSection(SolutionProperties) = preSolution
		HideSolutionNode = FALSE
	EndGlobalSection
	GlobalSection(ExtensibilityGlobals) = postSolution
		SolutionGuid = {AC901616-8EF7-4B73-A807-1FE84A1951ED}
	EndGlobalSection
EndGlobal
